
Microsoft Visual Studio Solution File, Format Version 12.00
# Visual Studio Version 17
VisualStudioVersion = 17.0.31903.59
MinimumVisualStudioVersion = 10.0.40219.1
Project("{2150E333-8FDC-42A3-9474-1A3956D46DE8}") = "src", "src", "{827E0CD3-B72D-47B6-A68D-7590B98EB39B}"
EndProject
Project("{FAE04EC0-301F-11D3-BF4B-00C04F79EFBC}") = "RagNet.Mcp", "src\RagNet.Mcp\RagNet.Mcp.csproj", "{EC03F422-17AB-4E15-9A50-9AE41EC8F50D}"
EndProject
Project("{2150E333-8FDC-42A3-9474-1A3956D46DE8}") = "tests", "tests", "{0AB3BF05-4346-4AA6-1389-037BE0695223}"
EndProject
Project("{FAE04EC0-301F-11D3-BF4B-00C04F79EFBC}") = "RagNet.Mcp.Tests", "tests\RagNet.Mcp.Tests\RagNet.Mcp.Tests.csproj", "{734495D1-BCE7-4117-8D02-D687DF29C608}"
EndProject
Project("{FAE04EC0-301F-11D3-BF4B-00C04F79EFBC}") = "RagNet.Core", "src\RagNet.Core\RagNet.Core.csproj", "{5CF41EA5-26E4-48F6-A8C7-1ADE0736EACD}"
EndProject
Project("{FAE04EC0-301F-11D3-BF4B-00C04F79EFBC}") = "RagNet.Analysis", "src\RagNet.Analysis\RagNet.Analysis.csproj", "{F21C13DA-E96B-4287-B6F4-8F3079D2EFA7}"
EndProject
Project("{FAE04EC0-301F-11D3-BF4B-00C04F79EFBC}") = "RagNet.Infrastructure", "src\RagNet.Infrastructure\RagNet.Infrastructure.csproj", "{133B2030-DB63-49C1-9A64-267CDA0A9B68}"
EndProject
Project("{FAE04EC0-301F-11D3-BF4B-00C04F79EFBC}") = "RagNet.Composition", "src\RagNet.Composition\RagNet.Composition.csproj", "{C3E471B1-48AA-4AE5-AD59-7B7E8ABEE6E3}"
EndProject
Project("{FAE04EC0-301F-11D3-BF4B-00C04F79EFBC}") = "RagNet.Indexer", "src\RagNet.Indexer\RagNet.Indexer.csproj", "{ED1366C1-BA88-43A0-A289-54D40AAC6FC0}"
EndProject
Global
	GlobalSection(SolutionConfigurationPlatforms) = preSolution
		Debug|Any CPU = Debug|Any CPU
		Debug|x64 = Debug|x64
		Debug|x86 = Debug|x86
		Release|Any CPU = Release|Any CPU
		Release|x64 = Release|x64
		Release|x86 = Release|x86
	EndGlobalSection
	GlobalSection(ProjectConfigurationPlatforms) = postSolution
		{EC03F422-17AB-4E15-9A50-9AE41EC8F50D}.Debug|Any CPU.ActiveCfg = Debug|Any CPU
		{EC03F422-17AB-4E15-9A50-9AE41EC8F50D}.Debug|Any CPU.Build.0 = Debug|Any CPU
		{EC03F422-17AB-4E15-9A50-9AE41EC8F50D}.Debug|x64.ActiveCfg = Debug|Any CPU
		{EC03F422-17AB-4E15-9A50-9AE41EC8F50D}.Debug|x64.Build.0 = Debug|Any CPU
		{EC03F422-17AB-4E15-9A50-9AE41EC8F50D}.Debug|x86.ActiveCfg = Debug|Any CPU
		{EC03F422-17AB-4E15-9A50-9AE41EC8F50D}.Debug|x86.Build.0 = Debug|Any CPU
		{EC03F422-17AB-4E15-9A50-9AE41EC8F50D}.Release|Any CPU.ActiveCfg = Release|Any CPU
		{EC03F422-17AB-4E15-9A50-9AE41EC8F50D}.Release|Any CPU.Build.0 = Release|Any CPU
		{EC03F422-17AB-4E15-9A50-9AE41EC8F50D}.Release|x64.ActiveCfg = Release|Any CPU
		{EC03F422-17AB-4E15-9A50-9AE41EC8F50D}.Release|x64.Build.0 = Release|Any CPU
		{EC03F422-17AB-4E15-9A50-9AE41EC8F50D}.Release|x86.ActiveCfg = Release|Any CPU
		{EC03F422-17AB-4E15-9A50-9AE41EC8F50D}.Release|x86.Build.0 = Release|Any CPU
		{734495D1-BCE7-4117-8D02-D687DF29C608}.Debug|Any CPU.ActiveCfg = Debug|Any CPU
		{734495D1-BCE7-4117-8D02-D687DF29C608}.Debug|Any CPU.Build.0 = Debug|Any CPU
		{734495D1-BCE7-4117-8D02-D687DF29C608}.Debug|x64.ActiveCfg = Debug|Any CPU
		{734495D1-BCE7-4117-8D02-D687DF29C608}.Debug|x64.Build.0 = Debug|Any CPU
		{734495D1-BCE7-4117-8D02-D687DF29C608}.Debug|x86.ActiveCfg = Debug|Any CPU
		{734495D1-BCE7-4117-8D02-D687DF29C608}.Debug|x86.Build.0 = Debug|Any CPU
		{734495D1-BCE7-4117-8D02-D687DF29C608}.Release|Any CPU.ActiveCfg = Release|Any CPU
		{734495D1-BCE7-4117-8D02-D687DF29C608}.Release|Any CPU.Build.0 = Release|Any CPU
		{734495D1-BCE7-4117-8D02-D687DF29C608}.Release|x64.ActiveCfg = Release|Any CPU
		{734495D1-BCE7-4117-8D02-D687DF29C608}.Release|x64.Build.0 = Release|Any CPU
		{734495D1-BCE7-4117-8D02-D687DF29C608}.Release|x86.ActiveCfg = Release|Any CPU
		{734495D1-BCE7-4117-8D02-D687DF29C608}.Release|x86.Build.0 = Release|Any CPU
		{5CF41EA5-26E4-48F6-A8C7-1ADE0736EACD}.Debug|Any CPU.ActiveCfg = Debug|Any CPU
		{5CF41EA5-26E4-48F6-A8C7-1ADE0736EACD}.Debug|Any CPU.Build.0 = Debug|Any CPU
		{5CF41EA5-26E4-48F6-A8C7-1ADE0736EACD}.Debug|x64.ActiveCfg = Debug|Any CPU
		{5CF41EA5-26E4-48F6-A8C7-1ADE0736EACD}.Debug|x64.Build.0 = Debug|Any CPU
		{5CF41EA5-26E4-48F6-A8C7-1ADE0736EACD}.Debug|x86.ActiveCfg = Debug|Any CPU
		{5CF41EA5-26E4-48F6-A8C7-1ADE0736EACD}.Debug|x86.Build.0 = Debug|Any CPU
		{5CF41EA5-26E4-48F6-A8C7-1ADE0736EACD}.Release|Any CPU.ActiveCfg = Release|Any CPU
		{5CF41EA5-26E4-48F6-A8C7-1ADE0736EACD}.Release|Any CPU.Build.0 = Release|Any CPU
		{5CF41EA5-26E4-48F6-A8C7-1ADE0736EACD}.Release|x64.ActiveCfg = Release|Any CPU
		{5CF41EA5-26E4-48F6-A8C7-1ADE0736EACD}.Release|x64.Build.0 = Release|Any CPU
		{5CF41EA5-26E4-48F6-A8C7-1ADE0736EACD}.Release|x86.ActiveCfg = Release|Any CPU
		{5CF41EA5-26E4-48F6-A8C7-1ADE0736EACD}.Release|x86.Build.0 = Release|Any CPU
		{F21C13DA-E96B-4287-B6F4-8F3079D2EFA7}.Debug|Any CPU.ActiveCfg = Debug|Any CPU
		{F21C13DA-E96B-4287-B6F4-8F3079D2EFA7}.Debug|Any CPU.Build.0 = Debug|Any CPU
		{F21C13DA-E96B-4287-B6F4-8F3079D2EFA7}.Debug|x64.ActiveCfg = Debug|Any CPU
		{F21C13DA-E96B-4287-B6F4-8F3079D2EFA7}.Debug|x64.Build.0 = Debug|Any CPU
		{F21C13DA-E96B-4287-B6F4-8F3079D2EFA7}.Debug|x86.ActiveCfg = Debug|Any CPU
		{F21C13DA-E96B-4287-B6F4-8F3079D2EFA7}.Debug|x86.Build.0 = Debug|Any CPU
		{F21C13DA-E96B-4287-B6F4-8F3079D2EFA7}.Release|Any CPU.ActiveCfg = Release|Any CPU
		{F21C13DA-E96B-4287-B6F4-8F3079D2EFA7}.Release|Any CPU.Build.0 = Release|Any CPU
		{F21C13DA-E96B-4287-B6F4-8F3079D2EFA7}.Release|x64.ActiveCfg = Release|Any CPU
		{F21C13DA-E96B-4287-B6F4-8F3079D2EFA7}.Release|x64.Build.0 = Release|Any CPU
		{F21C13DA-E96B-4287-B6F4-8F3079D2EFA7}.Release|x86.ActiveCfg = Release|Any CPU
		{F21C13DA-E96B-4287-B6F4-8F3079D2EFA7}.Release|x86.Build.0 = Release|Any CPU
		{133B2030-DB63-49C1-9A64-267CDA0A9B68}.Debug|Any CPU.ActiveCfg = Debug|Any CPU
		{133B2030-DB63-49C1-9A64-267CDA0A9B68}.Debug|Any CPU.Build.0 = Debug|Any CPU
		{133B2030-DB63-49C1-9A64-267CDA0A9B68}.Debug|x64.ActiveCfg = Debug|Any CPU
		{133B2030-DB63-49C1-9A64-267CDA0A9B68}.Debug|x64.Build.0 = Debug|Any CPU
		{133B2030-DB63-49C1-9A64-267CDA0A9B68}.Debug|x86.ActiveCfg = Debug|Any CPU
		{133B2030-DB63-49C1-9A64-267CDA0A9B68}.Debug|x86.Build.0 = Debug|Any CPU
		{133B2030-DB63-49C1-9A64-267CDA0A9B68}.Release|Any CPU.ActiveCfg = Release|Any CPU
		{133B2030-DB63-49C1-9A64-267CDA0A9B68}.Release|Any CPU.Build.0 = Release|Any CPU
		{133B2030-DB63-49C1-9A64-267CDA0A9B68}.Release|x64.ActiveCfg = Release|Any CPU
		{133B2030-DB63-49C1-9A64-267CDA0A9B68}.Release|x64.Build.0 = Release|Any CPU
		{133B2030-DB63-49C1-9A64-267CDA0A9B68}.Release|x86.ActiveCfg = Release|Any CPU
		{133B2030-DB63-49C1-9A64-267CDA0A9B68}.Release|x86.Build.0 = Release|Any CPU
		{C3E471B1-48AA-4AE5-AD59-7B7E8ABEE6E3}.Debug|Any CPU.ActiveCfg = Debug|Any CPU
		{C3E471B1-48AA-4AE5-AD59-7B7E8ABEE6E3}.Debug|Any CPU.Build.0 = Debug|Any CPU
		{C3E471B1-48AA-4AE5-AD59-7B7E8ABEE6E3}.Debug|x64.ActiveCfg = Debug|Any CPU
		{C3E471B1-48AA-4AE5-AD59-7B7E8ABEE6E3}.Debug|x64.Build.0 = Debug|Any CPU
		{C3E471B1-48AA-4AE5-AD59-7B7E8ABEE6E3}.Debug|x86.ActiveCfg = Debug|Any CPU
		{C3E471B1-48AA-4AE5-AD59-7B7E8ABEE6E3}.Debug|x86.Build.0 = Debug|Any CPU
		{C3E471B1-48AA-4AE5-AD59-7B7E8ABEE6E3}.Release|Any CPU.ActiveCfg = Release|Any CPU
		{C3E471B1-48AA-4AE5-AD59-7B7E8ABEE6E3}.Release|Any CPU.Build.0 = Release|Any CPU
		{C3E471B1-48AA-4AE5-AD59-7B7E8ABEE6E3}.Release|x64.ActiveCfg = Release|Any CPU
		{C3E471B1-48AA-4AE5-AD59-7B7E8ABEE6E3}.Release|x64.Build.0 = Release|Any CPU
		{C3E471B1-48AA-4AE5-AD59-7B7E8ABEE6E3}.Release|x86.ActiveCfg = Release|Any CPU
		{C3E471B1-48AA-4AE5-AD59-7B7E8ABEE6E3}.Release|x86.Build.0 = Release|Any CPU
		{ED1366C1-BA88-43A0-A289-54D40AAC6FC0}.Debug|Any CPU.ActiveCfg = Debug|Any CPU
		{ED1366C1-BA88-43A0-A289-54D40AAC6FC0}.Debug|Any CPU.Build.0 = Debug|Any CPU
		{ED1366C1-BA88-43A0-A289-54D40AAC6FC0}.Debug|x64.ActiveCfg = Debug|Any CPU
		{ED1366C1-BA88-43A0-A289-54D40AAC6FC0}.Debug|x64.Build.0 = Debug|Any CPU
		{ED1366C1-BA88-43A0-A289-54D40AAC6FC0}.Debug|x86.ActiveCfg = Debug|Any CPU
		{ED1366C1-BA88-43A0-A289-54D40AAC6FC0}.Debug|x86.Build.0 = Debug|Any CPU
		{ED1366C1-BA88-43A0-A289-54D40AAC6FC0}.Release|Any CPU.ActiveCfg = Release|Any CPU
		{ED1366C1-BA88-43A0-A289-54D40AAC6FC0}.Release|Any CPU.Build.0 = Release|Any CPU
		{ED1366C1-BA88-43A0-A289-54D40AAC6FC0}.Release|x64.ActiveCfg = Release|Any CPU
		{ED1366C1-BA88-43A0-A289-54D40AAC6FC0}.Release|x64.Build.0 = Release|Any CPU
		{ED1366C1-BA88-43A0-A289-54D40AAC6FC0}.Release|x86.ActiveCfg = Release|Any CPU
		{ED1366C1-BA88-43A0-A289-54D40AAC6FC0}.Release|x86.Build.0 = Release|Any CPU
	EndGlobalSection
	GlobalSection(SolutionProperties) = preSolution
		HideSolutionNode = FALSE
	EndGlobalSection
	GlobalSection(NestedProjects) = preSolution
		{EC03F422-17AB-4E15-9A50-9AE41EC8F50D} = {827E0CD3-B72D-47B6-A68D-7590B98EB39B}
		{734495D1-BCE7-4117-8D02-D687DF29C608} = {0AB3BF05-4346-4AA6-1389-037BE0695223}
		{5CF41EA5-26E4-48F6-A8C7-1ADE0736EACD} = {827E0CD3-B72D-47B6-A68D-7590B98EB39B}
		{F21C13DA-E96B-4287-B6F4-8F3079D2EFA7} = {827E0CD3-B72D-47B6-A68D-7590B98EB39B}
		{133B2030-DB63-49C1-9A64-267CDA0A9B68} = {827E0CD3-B72D-47B6-A68D-7590B98EB39B}
		{C3E471B1-48AA-4AE5-AD59-7B7E8ABEE6E3} = {827E0CD3-B72D-47B6-A68D-7590B98EB39B}
		{ED1366C1-BA88-43A0-A289-54D40AAC6FC0} = {827E0CD3-B72D-47B6-A68D-7590B98EB39B}
	EndGlobalSection
EndGlobal
